
Microsoft Visual Studio Solution File, Format Version 12.00
# Visual Studio Version 16
VisualStudioVersion = 16.0.29911.84
MinimumVisualStudioVersion = 10.0.40219.1
Project("{FAE04EC0-301F-11D3-BF4B-00C04F79EFBC}") = "SBITCEmailAdvisoryLite", "SBITCEmailAdvisoryLite\SBITCEmailAdvisoryLite.csproj", "{FBDA7E79-DA62-4BC9-AEDC-D6C083C7AE6A}"
EndProject
Global
	GlobalSection(SolutionConfigurationPlatforms) = preSolution
		Debug|Any CPU = Debug|Any CPU
		Release|Any CPU = Release|Any CPU
	EndGlobalSection
	GlobalSection(ProjectConfigurationPlatforms) = postSolution
		{FBDA7E79-DA62-4BC9-AEDC-D6C083C7AE6A}.Debug|Any CPU.ActiveCfg = Debug|Any CPU
		{FBDA7E79-DA62-4BC9-AEDC-D6C083C7AE6A}.Debug|Any CPU.Build.0 = Debug|Any CPU
		{FBDA7E79-DA62-4BC9-AEDC-D6C083C7AE6A}.Release|Any CPU.ActiveCfg = Release|Any CPU
		{FBDA7E79-DA62-4BC9-AEDC-D6C083C7AE6A}.Release|Any CPU.Build.0 = Release|Any CPU
	EndGlobalSection
	GlobalSection(SolutionProperties) = preSolution
		HideSolutionNode = FALSE
	EndGlobalSection
	GlobalSection(ExtensibilityGlobals) = postSolution
		SolutionGuid = {D7789075-C971-488F-9C0C-2C22EC3788BA}
	EndGlobalSection
EndGlobal
